// !$*UTF8*$!
{
	archiveVersion = 1;
	classes = {
	};
	objectVersion = 77;
	objects = {

/* Begin PBXBuildFile section */
		891430242D2D4CAF00D1BA36 /* CustomTextField.swift in Sources */ = {isa = PBXBuildFile; fileRef = 891430232D2D4CAF00D1BA36 /* CustomTextField.swift */; };
		891430262D2D51DC00D1BA36 /* AppFactory.swift in Sources */ = {isa = PBXBuildFile; fileRef = 891430252D2D51DC00D1BA36 /* AppFactory.swift */; };
		8914302A2D2D522F00D1BA36 /* SceneFactory.swift in Sources */ = {isa = PBXBuildFile; fileRef = 891430292D2D522F00D1BA36 /* SceneFactory.swift */; };
		8914302C2D2D524700D1BA36 /* SceneFactoryProtocols.swift in Sources */ = {isa = PBXBuildFile; fileRef = 8914302B2D2D524700D1BA36 /* SceneFactoryProtocols.swift */; };
		8914302E2D2D533100D1BA36 /* SceneViewFactoryProtocols.swift in Sources */ = {isa = PBXBuildFile; fileRef = 8914302D2D2D533100D1BA36 /* SceneViewFactoryProtocols.swift */; };
		891430302D2D541600D1BA36 /* AuthRepositoryImplementation.swift in Sources */ = {isa = PBXBuildFile; fileRef = 8914302F2D2D541600D1BA36 /* AuthRepositoryImplementation.swift */; };
		891430322D2D562700D1BA36 /* AppCoordinatorViewController.swift in Sources */ = {isa = PBXBuildFile; fileRef = 891430312D2D562700D1BA36 /* AppCoordinatorViewController.swift */; };
		891430342D2D680400D1BA36 /* AuthCoordinatorViewController.swift in Sources */ = {isa = PBXBuildFile; fileRef = 891430332D2D680400D1BA36 /* AuthCoordinatorViewController.swift */; };
		891430362D2E72E500D1BA36 /* BaseViewController.swift in Sources */ = {isa = PBXBuildFile; fileRef = 891430352D2E72E500D1BA36 /* BaseViewController.swift */; };
		891430392D2EBC5200D1BA36 /* ValidationErrorHandler.swift in Sources */ = {isa = PBXBuildFile; fileRef = 891430382D2EBC5200D1BA36 /* ValidationErrorHandler.swift */; };
		8914303C2D2EC51800D1BA36 /* ValidatePasswordUseCase.swift in Sources */ = {isa = PBXBuildFile; fileRef = 8914303B2D2EC51800D1BA36 /* ValidatePasswordUseCase.swift */; };
		8914303E2D2EC52300D1BA36 /* ValidateUsernameUseCase.swift in Sources */ = {isa = PBXBuildFile; fileRef = 8914303D2D2EC52300D1BA36 /* ValidateUsernameUseCase.swift */; };
		891430402D2EC53B00D1BA36 /* ValidateEmailUseCase.swift in Sources */ = {isa = PBXBuildFile; fileRef = 8914303F2D2EC53B00D1BA36 /* ValidateEmailUseCase.swift */; };
		893D7CDD2D281C6400F15B29 /* LaunchScreen.storyboard in Resources */ = {isa = PBXBuildFile; fileRef = 893D7CD42D281C6400F15B29 /* LaunchScreen.storyboard */; };
		893D7CDE2D281C6400F15B29 /* Assets.xcassets in Resources */ = {isa = PBXBuildFile; fileRef = 893D7CD82D281C6400F15B29 /* Assets.xcassets */; };
		893D7CDF2D281C6400F15B29 /* Localizable.xcstrings in Resources */ = {isa = PBXBuildFile; fileRef = 893D7CD92D281C6400F15B29 /* Localizable.xcstrings */; };
		893D7CE02D281C6400F15B29 /* AppDelegate.swift in Sources */ = {isa = PBXBuildFile; fileRef = 893D7CB32D281C6400F15B29 /* AppDelegate.swift */; };
		893D7CE12D281C6400F15B29 /* SceneDelegate.swift in Sources */ = {isa = PBXBuildFile; fileRef = 893D7CB52D281C6400F15B29 /* SceneDelegate.swift */; };
		893D7CE22D281C6400F15B29 /* AuthError.swift in Sources */ = {isa = PBXBuildFile; fileRef = 893D7CB72D281C6400F15B29 /* AuthError.swift */; };
		893D7CE32D281C6400F15B29 /* HTTPMethod.swift in Sources */ = {isa = PBXBuildFile; fileRef = 893D7CB92D281C6400F15B29 /* HTTPMethod.swift */; };
		893D7CE42D281C6400F15B29 /* HTTPStatusCode.swift in Sources */ = {isa = PBXBuildFile; fileRef = 893D7CBA2D281C6400F15B29 /* HTTPStatusCode.swift */; };
		893D7CE52D281C6400F15B29 /* HTTPTask.swift in Sources */ = {isa = PBXBuildFile; fileRef = 893D7CBB2D281C6400F15B29 /* HTTPTask.swift */; };
		893D7CE62D281C6400F15B29 /* NetworkError.swift in Sources */ = {isa = PBXBuildFile; fileRef = 893D7CBC2D281C6400F15B29 /* NetworkError.swift */; };
		893D7CE72D281C6400F15B29 /* NetworkConfig.swift in Sources */ = {isa = PBXBuildFile; fileRef = 893D7CBE2D281C6400F15B29 /* NetworkConfig.swift */; };
		893D7CE82D281C6400F15B29 /* URLParameterEncoder.swift in Sources */ = {isa = PBXBuildFile; fileRef = 893D7CC02D281C6400F15B29 /* URLParameterEncoder.swift */; };
		893D7CE92D281C6400F15B29 /* KeychainService.swift in Sources */ = {isa = PBXBuildFile; fileRef = 893D7CC22D281C6400F15B29 /* KeychainService.swift */; };
		893D7CEA2D281C6400F15B29 /* NetworkService.swift in Sources */ = {isa = PBXBuildFile; fileRef = 893D7CC32D281C6400F15B29 /* NetworkService.swift */; };
		893D7CEB2D281C6400F15B29 /* LoginCredentials.swift in Sources */ = {isa = PBXBuildFile; fileRef = 893D7CC72D281C6400F15B29 /* LoginCredentials.swift */; };
		893D7CEC2D281C6400F15B29 /* AuthRepository.swift in Sources */ = {isa = PBXBuildFile; fileRef = 893D7CCA2D281C6400F15B29 /* AuthRepository.swift */; };
		893D7CED2D281C6400F15B29 /* LoginUseCase.swift in Sources */ = {isa = PBXBuildFile; fileRef = 893D7CCC2D281C6400F15B29 /* LoginUseCase.swift */; };
		893D7CEE2D281C6400F15B29 /* LocalizedKey.swift in Sources */ = {isa = PBXBuildFile; fileRef = 893D7CD12D281C6400F15B29 /* LocalizedKey.swift */; };
		893D7D102D28249B00F15B29 /* AuthNetworkConfig.swift in Sources */ = {isa = PBXBuildFile; fileRef = 893D7D0F2D28249B00F15B29 /* AuthNetworkConfig.swift */; };
		893D7D122D28284A00F15B29 /* KinopoiskApiConfig.swift in Sources */ = {isa = PBXBuildFile; fileRef = 893D7D112D28284A00F15B29 /* KinopoiskApiConfig.swift */; };
		893D7D152D28308300F15B29 /* TokenInfo.swift in Sources */ = {isa = PBXBuildFile; fileRef = 893D7D142D28308300F15B29 /* TokenInfo.swift */; };
		893D7D1B2D2831A000F15B29 /* UserRegisterDTO.swift in Sources */ = {isa = PBXBuildFile; fileRef = 893D7D1A2D2831A000F15B29 /* UserRegisterDTO.swift */; };
		893D7D1D2D2831B400F15B29 /* GenderDTO.swift in Sources */ = {isa = PBXBuildFile; fileRef = 893D7D1C2D2831B400F15B29 /* GenderDTO.swift */; };
		893D7D462D2911A500F15B29 /* WelcomeViewController.swift in Sources */ = {isa = PBXBuildFile; fileRef = 893D7D452D2911A500F15B29 /* WelcomeViewController.swift */; };
		893D7D492D2919B000F15B29 /* Coordinator.swift in Sources */ = {isa = PBXBuildFile; fileRef = 893D7D482D2919B000F15B29 /* Coordinator.swift */; };
		893D7D4C2D291A2800F15B29 /* AuthCoordinator.swift in Sources */ = {isa = PBXBuildFile; fileRef = 893D7D4B2D291A2800F15B29 /* AuthCoordinator.swift */; };
		893D7D522D291C0400F15B29 /* UserInfoViewModel.swift in Sources */ = {isa = PBXBuildFile; fileRef = 893D7D512D291C0400F15B29 /* UserInfoViewModel.swift */; };
		893D7D542D291C3200F15B29 /* Gender.swift in Sources */ = {isa = PBXBuildFile; fileRef = 893D7D532D291C3200F15B29 /* Gender.swift */; };
		893D7D562D291CD400F15B29 /* WelcomeViewModel.swift in Sources */ = {isa = PBXBuildFile; fileRef = 893D7D552D291CD400F15B29 /* WelcomeViewModel.swift */; };
		893D7D582D291D0200F15B29 /* ViewModel.swift in Sources */ = {isa = PBXBuildFile; fileRef = 893D7D572D291D0200F15B29 /* ViewModel.swift */; };
		893D7D5C2D291ED800F15B29 /* RegistrationViewController.swift in Sources */ = {isa = PBXBuildFile; fileRef = 893D7D5B2D291ED800F15B29 /* RegistrationViewController.swift */; };
		893D7D5F2D29614000F15B29 /* AppCoordinator.swift in Sources */ = {isa = PBXBuildFile; fileRef = 893D7D5E2D29614000F15B29 /* AppCoordinator.swift */; };
		893D7D622D2A55CE00F15B29 /* MainCoordinator.swift in Sources */ = {isa = PBXBuildFile; fileRef = 893D7D612D2A55CE00F15B29 /* MainCoordinator.swift */; };
		893D7D642D2A569500F15B29 /* LoadingViewController.swift in Sources */ = {isa = PBXBuildFile; fileRef = 893D7D632D2A569500F15B29 /* LoadingViewController.swift */; };
		893D7D682D2A8B0700F15B29 /* CustomButton.swift in Sources */ = {isa = PBXBuildFile; fileRef = 893D7D672D2A8B0700F15B29 /* CustomButton.swift */; };
		893D7D6B2D2ABD6900F15B29 /* LocalizedKey + String.swift in Sources */ = {isa = PBXBuildFile; fileRef = 893D7D6A2D2ABD6900F15B29 /* LocalizedKey + String.swift */; };
		893D7D6F2D2ADCC800F15B29 /* Manrope-Light.ttf in Resources */ = {isa = PBXBuildFile; fileRef = 893D7D6D2D2ADCC800F15B29 /* Manrope-Light.ttf */; };
		893D7D702D2ADCC800F15B29 /* Manrope-Bold.ttf in Resources */ = {isa = PBXBuildFile; fileRef = 893D7D6C2D2ADCC800F15B29 /* Manrope-Bold.ttf */; };
		893D7D712D2ADCC800F15B29 /* Manrope-Regular.ttf in Resources */ = {isa = PBXBuildFile; fileRef = 893D7D6E2D2ADCC800F15B29 /* Manrope-Regular.ttf */; };
		893D7D882D2B94FC00F15B29 /* LoginViewController.swift in Sources */ = {isa = PBXBuildFile; fileRef = 893D7D872D2B94FC00F15B29 /* LoginViewController.swift */; };
		893D7D8A2D2B952700F15B29 /* LoginViewModel.swift in Sources */ = {isa = PBXBuildFile; fileRef = 893D7D892D2B952700F15B29 /* LoginViewModel.swift */; };
/* End PBXBuildFile section */

/* Begin PBXFileReference section */
		891430232D2D4CAF00D1BA36 /* CustomTextField.swift */ = {isa = PBXFileReference; lastKnownFileType = sourcecode.swift; path = CustomTextField.swift; sourceTree = "<group>"; };
		891430252D2D51DC00D1BA36 /* AppFactory.swift */ = {isa = PBXFileReference; lastKnownFileType = sourcecode.swift; path = AppFactory.swift; sourceTree = "<group>"; };
		891430292D2D522F00D1BA36 /* SceneFactory.swift */ = {isa = PBXFileReference; lastKnownFileType = sourcecode.swift; path = SceneFactory.swift; sourceTree = "<group>"; };
		8914302B2D2D524700D1BA36 /* SceneFactoryProtocols.swift */ = {isa = PBXFileReference; lastKnownFileType = sourcecode.swift; path = SceneFactoryProtocols.swift; sourceTree = "<group>"; };
		8914302D2D2D533100D1BA36 /* SceneViewFactoryProtocols.swift */ = {isa = PBXFileReference; lastKnownFileType = sourcecode.swift; path = SceneViewFactoryProtocols.swift; sourceTree = "<group>"; };
		8914302F2D2D541600D1BA36 /* AuthRepositoryImplementation.swift */ = {isa = PBXFileReference; lastKnownFileType = sourcecode.swift; path = AuthRepositoryImplementation.swift; sourceTree = "<group>"; };
		891430312D2D562700D1BA36 /* AppCoordinatorViewController.swift */ = {isa = PBXFileReference; lastKnownFileType = sourcecode.swift; path = AppCoordinatorViewController.swift; sourceTree = "<group>"; };
		891430332D2D680400D1BA36 /* AuthCoordinatorViewController.swift */ = {isa = PBXFileReference; lastKnownFileType = sourcecode.swift; path = AuthCoordinatorViewController.swift; sourceTree = "<group>"; };
		891430352D2E72E500D1BA36 /* BaseViewController.swift */ = {isa = PBXFileReference; lastKnownFileType = sourcecode.swift; path = BaseViewController.swift; sourceTree = "<group>"; };
		891430382D2EBC5200D1BA36 /* ValidationErrorHandler.swift */ = {isa = PBXFileReference; lastKnownFileType = sourcecode.swift; path = ValidationErrorHandler.swift; sourceTree = "<group>"; };
		8914303B2D2EC51800D1BA36 /* ValidatePasswordUseCase.swift */ = {isa = PBXFileReference; lastKnownFileType = sourcecode.swift; path = ValidatePasswordUseCase.swift; sourceTree = "<group>"; };
		8914303D2D2EC52300D1BA36 /* ValidateUsernameUseCase.swift */ = {isa = PBXFileReference; lastKnownFileType = sourcecode.swift; path = ValidateUsernameUseCase.swift; sourceTree = "<group>"; };
		8914303F2D2EC53B00D1BA36 /* ValidateEmailUseCase.swift */ = {isa = PBXFileReference; lastKnownFileType = sourcecode.swift; path = ValidateEmailUseCase.swift; sourceTree = "<group>"; };
		893D7CB32D281C6400F15B29 /* AppDelegate.swift */ = {isa = PBXFileReference; lastKnownFileType = sourcecode.swift; path = AppDelegate.swift; sourceTree = "<group>"; };
		893D7CB42D281C6400F15B29 /* Info.plist */ = {isa = PBXFileReference; lastKnownFileType = text.plist.xml; path = Info.plist; sourceTree = "<group>"; };
		893D7CB52D281C6400F15B29 /* SceneDelegate.swift */ = {isa = PBXFileReference; lastKnownFileType = sourcecode.swift; path = SceneDelegate.swift; sourceTree = "<group>"; };
		893D7CB72D281C6400F15B29 /* AuthError.swift */ = {isa = PBXFileReference; lastKnownFileType = sourcecode.swift; path = AuthError.swift; sourceTree = "<group>"; };
		893D7CB92D281C6400F15B29 /* HTTPMethod.swift */ = {isa = PBXFileReference; lastKnownFileType = sourcecode.swift; path = HTTPMethod.swift; sourceTree = "<group>"; };
		893D7CBA2D281C6400F15B29 /* HTTPStatusCode.swift */ = {isa = PBXFileReference; lastKnownFileType = sourcecode.swift; path = HTTPStatusCode.swift; sourceTree = "<group>"; };
		893D7CBB2D281C6400F15B29 /* HTTPTask.swift */ = {isa = PBXFileReference; lastKnownFileType = sourcecode.swift; path = HTTPTask.swift; sourceTree = "<group>"; };
		893D7CBC2D281C6400F15B29 /* NetworkError.swift */ = {isa = PBXFileReference; lastKnownFileType = sourcecode.swift; path = NetworkError.swift; sourceTree = "<group>"; };
		893D7CBE2D281C6400F15B29 /* NetworkConfig.swift */ = {isa = PBXFileReference; lastKnownFileType = sourcecode.swift; path = NetworkConfig.swift; sourceTree = "<group>"; };
		893D7CC02D281C6400F15B29 /* URLParameterEncoder.swift */ = {isa = PBXFileReference; lastKnownFileType = sourcecode.swift; path = URLParameterEncoder.swift; sourceTree = "<group>"; };
		893D7CC22D281C6400F15B29 /* KeychainService.swift */ = {isa = PBXFileReference; lastKnownFileType = sourcecode.swift; path = KeychainService.swift; sourceTree = "<group>"; };
		893D7CC32D281C6400F15B29 /* NetworkService.swift */ = {isa = PBXFileReference; lastKnownFileType = sourcecode.swift; path = NetworkService.swift; sourceTree = "<group>"; };
		893D7CC72D281C6400F15B29 /* LoginCredentials.swift */ = {isa = PBXFileReference; lastKnownFileType = sourcecode.swift; path = LoginCredentials.swift; sourceTree = "<group>"; };
		893D7CCA2D281C6400F15B29 /* AuthRepository.swift */ = {isa = PBXFileReference; lastKnownFileType = sourcecode.swift; path = AuthRepository.swift; sourceTree = "<group>"; };
		893D7CCC2D281C6400F15B29 /* LoginUseCase.swift */ = {isa = PBXFileReference; lastKnownFileType = sourcecode.swift; path = LoginUseCase.swift; sourceTree = "<group>"; };
		893D7CD12D281C6400F15B29 /* LocalizedKey.swift */ = {isa = PBXFileReference; lastKnownFileType = sourcecode.swift; path = LocalizedKey.swift; sourceTree = "<group>"; };
		893D7CD32D281C6400F15B29 /* Base */ = {isa = PBXFileReference; lastKnownFileType = file.storyboard; name = Base; path = Base.lproj/LaunchScreen.storyboard; sourceTree = "<group>"; };
		893D7CD82D281C6400F15B29 /* Assets.xcassets */ = {isa = PBXFileReference; lastKnownFileType = folder.assetcatalog; path = Assets.xcassets; sourceTree = "<group>"; };
		893D7CD92D281C6400F15B29 /* Localizable.xcstrings */ = {isa = PBXFileReference; lastKnownFileType = text.json.xcstrings; path = Localizable.xcstrings; sourceTree = "<group>"; };
		893D7D0F2D28249B00F15B29 /* AuthNetworkConfig.swift */ = {isa = PBXFileReference; lastKnownFileType = sourcecode.swift; path = AuthNetworkConfig.swift; sourceTree = "<group>"; };
		893D7D112D28284A00F15B29 /* KinopoiskApiConfig.swift */ = {isa = PBXFileReference; lastKnownFileType = sourcecode.swift; path = KinopoiskApiConfig.swift; sourceTree = "<group>"; };
		893D7D142D28308300F15B29 /* TokenInfo.swift */ = {isa = PBXFileReference; lastKnownFileType = sourcecode.swift; path = TokenInfo.swift; sourceTree = "<group>"; };
		893D7D1A2D2831A000F15B29 /* UserRegisterDTO.swift */ = {isa = PBXFileReference; lastKnownFileType = sourcecode.swift; path = UserRegisterDTO.swift; sourceTree = "<group>"; };
		893D7D1C2D2831B400F15B29 /* GenderDTO.swift */ = {isa = PBXFileReference; lastKnownFileType = sourcecode.swift; path = GenderDTO.swift; sourceTree = "<group>"; };
		893D7D452D2911A500F15B29 /* WelcomeViewController.swift */ = {isa = PBXFileReference; lastKnownFileType = sourcecode.swift; path = WelcomeViewController.swift; sourceTree = "<group>"; };
		893D7D482D2919B000F15B29 /* Coordinator.swift */ = {isa = PBXFileReference; lastKnownFileType = sourcecode.swift; path = Coordinator.swift; sourceTree = "<group>"; };
		893D7D4B2D291A2800F15B29 /* AuthCoordinator.swift */ = {isa = PBXFileReference; lastKnownFileType = sourcecode.swift; path = AuthCoordinator.swift; sourceTree = "<group>"; };
		893D7D512D291C0400F15B29 /* UserInfoViewModel.swift */ = {isa = PBXFileReference; lastKnownFileType = sourcecode.swift; path = UserInfoViewModel.swift; sourceTree = "<group>"; };
		893D7D532D291C3200F15B29 /* Gender.swift */ = {isa = PBXFileReference; lastKnownFileType = sourcecode.swift; path = Gender.swift; sourceTree = "<group>"; };
		893D7D552D291CD400F15B29 /* WelcomeViewModel.swift */ = {isa = PBXFileReference; lastKnownFileType = sourcecode.swift; path = WelcomeViewModel.swift; sourceTree = "<group>"; };
		893D7D572D291D0200F15B29 /* ViewModel.swift */ = {isa = PBXFileReference; lastKnownFileType = sourcecode.swift; path = ViewModel.swift; sourceTree = "<group>"; };
		893D7D5B2D291ED800F15B29 /* RegistrationViewController.swift */ = {isa = PBXFileReference; lastKnownFileType = sourcecode.swift; path = RegistrationViewController.swift; sourceTree = "<group>"; };
		893D7D5E2D29614000F15B29 /* AppCoordinator.swift */ = {isa = PBXFileReference; lastKnownFileType = sourcecode.swift; path = AppCoordinator.swift; sourceTree = "<group>"; };
		893D7D612D2A55CE00F15B29 /* MainCoordinator.swift */ = {isa = PBXFileReference; lastKnownFileType = sourcecode.swift; path = MainCoordinator.swift; sourceTree = "<group>"; };
		893D7D632D2A569500F15B29 /* LoadingViewController.swift */ = {isa = PBXFileReference; lastKnownFileType = sourcecode.swift; path = LoadingViewController.swift; sourceTree = "<group>"; };
		893D7D672D2A8B0700F15B29 /* CustomButton.swift */ = {isa = PBXFileReference; lastKnownFileType = sourcecode.swift; path = CustomButton.swift; sourceTree = "<group>"; };
		893D7D6A2D2ABD6900F15B29 /* LocalizedKey + String.swift */ = {isa = PBXFileReference; lastKnownFileType = sourcecode.swift; path = "LocalizedKey + String.swift"; sourceTree = "<group>"; };
		893D7D6C2D2ADCC800F15B29 /* Manrope-Bold.ttf */ = {isa = PBXFileReference; lastKnownFileType = file; path = "Manrope-Bold.ttf"; sourceTree = "<group>"; };
		893D7D6D2D2ADCC800F15B29 /* Manrope-Light.ttf */ = {isa = PBXFileReference; lastKnownFileType = file; path = "Manrope-Light.ttf"; sourceTree = "<group>"; };
		893D7D6E2D2ADCC800F15B29 /* Manrope-Regular.ttf */ = {isa = PBXFileReference; lastKnownFileType = file; path = "Manrope-Regular.ttf"; sourceTree = "<group>"; };
		893D7D872D2B94FC00F15B29 /* LoginViewController.swift */ = {isa = PBXFileReference; lastKnownFileType = sourcecode.swift; path = LoginViewController.swift; sourceTree = "<group>"; };
		893D7D892D2B952700F15B29 /* LoginViewModel.swift */ = {isa = PBXFileReference; lastKnownFileType = sourcecode.swift; path = LoginViewModel.swift; sourceTree = "<group>"; };
		898F0EBC2D0ABB1100FAE99D /* MovieCatalog.app */ = {isa = PBXFileReference; explicitFileType = wrapper.application; includeInIndex = 0; path = MovieCatalog.app; sourceTree = BUILT_PRODUCTS_DIR; };
/* End PBXFileReference section */

/* Begin PBXFrameworksBuildPhase section */
		898F0EB92D0ABB1100FAE99D /* Frameworks */ = {
			isa = PBXFrameworksBuildPhase;
			buildActionMask = 2147483647;
			files = (
			);
			runOnlyForDeploymentPostprocessing = 0;
		};
/* End PBXFrameworksBuildPhase section */

/* Begin PBXGroup section */
		891430222D2D4C7F00D1BA36 /* TextFieldStyles */ = {
			isa = PBXGroup;
			children = (
				891430232D2D4CAF00D1BA36 /* CustomTextField.swift */,
			);
			path = TextFieldStyles;
			sourceTree = "<group>";
		};
		891430272D2D51E300D1BA36 /* ScreenFactory */ = {
			isa = PBXGroup;
			children = (
				891430292D2D522F00D1BA36 /* SceneFactory.swift */,
				8914302B2D2D524700D1BA36 /* SceneFactoryProtocols.swift */,
				8914302D2D2D533100D1BA36 /* SceneViewFactoryProtocols.swift */,
			);
			path = ScreenFactory;
			sourceTree = "<group>";
		};
		891430282D2D51EF00D1BA36 /* Delegates */ = {
			isa = PBXGroup;
			children = (
				893D7CB32D281C6400F15B29 /* AppDelegate.swift */,
				893D7CB52D281C6400F15B29 /* SceneDelegate.swift */,
			);
			path = Delegates;
			sourceTree = "<group>";
		};
		891430372D2EBC4D00D1BA36 /* Helpers */ = {
			isa = PBXGroup;
			children = (
				891430382D2EBC5200D1BA36 /* ValidationErrorHandler.swift */,
			);
			path = Helpers;
			sourceTree = "<group>";
		};
		8914303A2D2EC51300D1BA36 /* Validation */ = {
			isa = PBXGroup;
			children = (
				8914303F2D2EC53B00D1BA36 /* ValidateEmailUseCase.swift */,
				8914303D2D2EC52300D1BA36 /* ValidateUsernameUseCase.swift */,
				8914303B2D2EC51800D1BA36 /* ValidatePasswordUseCase.swift */,
			);
			path = Validation;
			sourceTree = "<group>";
		};
		893D7CF12D28200400F15B29 /* MovieCatalog */ = {
			isa = PBXGroup;
			children = (
				893D7CF22D28202700F15B29 /* Application */,
				893D7D032D28222B00F15B29 /* Domain */,
				893D7CFE2D2821D000F15B29 /* Presentation */,
				893D7CF32D28203B00F15B29 /* Data */,
				893D7CFB2D28219C00F15B29 /* Resources */,
			);
			path = MovieCatalog;
			sourceTree = "<group>";
		};
		893D7CF22D28202700F15B29 /* Application */ = {
			isa = PBXGroup;
			children = (
				891430282D2D51EF00D1BA36 /* Delegates */,
				891430252D2D51DC00D1BA36 /* AppFactory.swift */,
				891430272D2D51E300D1BA36 /* ScreenFactory */,
				893D7CB42D281C6400F15B29 /* Info.plist */,
			);
			path = Application;
			sourceTree = "<group>";
		};
		893D7CF32D28203B00F15B29 /* Data */ = {
			isa = PBXGroup;
			children = (
				893D7CF52D28207100F15B29 /* Networking */,
				893D7D0C2D28231500F15B29 /* CoreData */,
				893D7D0D2D28232900F15B29 /* Repositories */,
				893D7D0B2D28230D00F15B29 /* Utilities */,
			);
			path = Data;
			sourceTree = "<group>";
		};
		893D7CF52D28207100F15B29 /* Networking */ = {
			isa = PBXGroup;
			children = (
				893D7CF72D28208600F15B29 /* Service */,
				893D7CF62D28207900F15B29 /* Models */,
			);
			path = Networking;
			sourceTree = "<group>";
		};
		893D7CF62D28207900F15B29 /* Models */ = {
			isa = PBXGroup;
			children = (
				893D7D1A2D2831A000F15B29 /* UserRegisterDTO.swift */,
				893D7D132D28307200F15B29 /* Common */,
			);
			path = Models;
			sourceTree = "<group>";
		};
		893D7CF72D28208600F15B29 /* Service */ = {
			isa = PBXGroup;
			children = (
				893D7CC32D281C6400F15B29 /* NetworkService.swift */,
				893D7CC22D281C6400F15B29 /* KeychainService.swift */,
				893D7CF82D2820AB00F15B29 /* Common */,
				893D7CFA2D2820D300F15B29 /* Encoding */,
				893D7CF92D2820C100F15B29 /* Configs */,
			);
			path = Service;
			sourceTree = "<group>";
		};
		893D7CF82D2820AB00F15B29 /* Common */ = {
			isa = PBXGroup;
			children = (
				893D7CB92D281C6400F15B29 /* HTTPMethod.swift */,
				893D7CBA2D281C6400F15B29 /* HTTPStatusCode.swift */,
				893D7CBB2D281C6400F15B29 /* HTTPTask.swift */,
				893D7CBC2D281C6400F15B29 /* NetworkError.swift */,
			);
			path = Common;
			sourceTree = "<group>";
		};
		893D7CF92D2820C100F15B29 /* Configs */ = {
			isa = PBXGroup;
			children = (
				893D7D112D28284A00F15B29 /* KinopoiskApiConfig.swift */,
				893D7CBE2D281C6400F15B29 /* NetworkConfig.swift */,
				893D7D0F2D28249B00F15B29 /* AuthNetworkConfig.swift */,
			);
			path = Configs;
			sourceTree = "<group>";
		};
		893D7CFA2D2820D300F15B29 /* Encoding */ = {
			isa = PBXGroup;
			children = (
				893D7CC02D281C6400F15B29 /* URLParameterEncoder.swift */,
			);
			path = Encoding;
			sourceTree = "<group>";
		};
		893D7CFB2D28219C00F15B29 /* Resources */ = {
			isa = PBXGroup;
			children = (
				893D7D722D2B8F0100F15B29 /* Font */,
				893D7CD82D281C6400F15B29 /* Assets.xcassets */,
			);
			path = Resources;
			sourceTree = "<group>";
		};
		893D7CFC2D2821B500F15B29 /* Scenes */ = {
			isa = PBXGroup;
			children = (
				893D7D602D2A55C400F15B29 /* Main */,
				893D7CFD2D2821C300F15B29 /* Launch */,
				893D7D202D28325000F15B29 /* Auth */,
			);
			path = Scenes;
			sourceTree = "<group>";
		};
		893D7CFD2D2821C300F15B29 /* Launch */ = {
			isa = PBXGroup;
			children = (
				893D7CD42D281C6400F15B29 /* LaunchScreen.storyboard */,
			);
			path = Launch;
			sourceTree = "<group>";
		};
		893D7CFE2D2821D000F15B29 /* Presentation */ = {
			isa = PBXGroup;
			children = (
				893D7D5D2D29613300F15B29 /* Coordinator */,
				893D7D472D2919A100F15B29 /* Protocols */,
				893D7D0E2D28236200F15B29 /* Common */,
				893D7CFC2D2821B500F15B29 /* Scenes */,
			);
			path = Presentation;
			sourceTree = "<group>";
		};
		893D7CFF2D28220900F15B29 /* Constants */ = {
			isa = PBXGroup;
			children = (
				893D7CD92D281C6400F15B29 /* Localizable.xcstrings */,
				893D7CD12D281C6400F15B29 /* LocalizedKey.swift */,
			);
			path = Constants;
			sourceTree = "<group>";
		};
		893D7D032D28222B00F15B29 /* Domain */ = {
			isa = PBXGroup;
			children = (
				893D7D062D28224400F15B29 /* UseCases */,
				893D7D052D28223E00F15B29 /* Repositories */,
				893D7D042D28223400F15B29 /* Entities */,
			);
			path = Domain;
			sourceTree = "<group>";
		};
		893D7D042D28223400F15B29 /* Entities */ = {
			isa = PBXGroup;
			children = (
				893D7D0A2D28228400F15B29 /* LoginCredentials */,
				893D7D532D291C3200F15B29 /* Gender.swift */,
			);
			path = Entities;
			sourceTree = "<group>";
		};
		893D7D052D28223E00F15B29 /* Repositories */ = {
			isa = PBXGroup;
			children = (
				893D7CCA2D281C6400F15B29 /* AuthRepository.swift */,
			);
			path = Repositories;
			sourceTree = "<group>";
		};
		893D7D062D28224400F15B29 /* UseCases */ = {
			isa = PBXGroup;
			children = (
				8914303A2D2EC51300D1BA36 /* Validation */,
				893D7D072D28224B00F15B29 /* Auth */,
			);
			path = UseCases;
			sourceTree = "<group>";
		};
		893D7D072D28224B00F15B29 /* Auth */ = {
			isa = PBXGroup;
			children = (
				893D7D082D28225300F15B29 /* LoginUseCase */,
			);
			path = Auth;
			sourceTree = "<group>";
		};
		893D7D082D28225300F15B29 /* LoginUseCase */ = {
			isa = PBXGroup;
			children = (
				893D7CCC2D281C6400F15B29 /* LoginUseCase.swift */,
			);
			path = LoginUseCase;
			sourceTree = "<group>";
		};
		893D7D0A2D28228400F15B29 /* LoginCredentials */ = {
			isa = PBXGroup;
			children = (
				893D7CC72D281C6400F15B29 /* LoginCredentials.swift */,
			);
			path = LoginCredentials;
			sourceTree = "<group>";
		};
		893D7D0B2D28230D00F15B29 /* Utilities */ = {
			isa = PBXGroup;
			children = (
			);
			path = Utilities;
			sourceTree = "<group>";
		};
		893D7D0C2D28231500F15B29 /* CoreData */ = {
			isa = PBXGroup;
			children = (
			);
			path = CoreData;
			sourceTree = "<group>";
		};
		893D7D0D2D28232900F15B29 /* Repositories */ = {
			isa = PBXGroup;
			children = (
				8914302F2D2D541600D1BA36 /* AuthRepositoryImplementation.swift */,
			);
			path = Repositories;
			sourceTree = "<group>";
		};
		893D7D0E2D28236200F15B29 /* Common */ = {
			isa = PBXGroup;
			children = (
				891430372D2EBC4D00D1BA36 /* Helpers */,
				893D7D732D2B933B00F15B29 /* Components */,
				893D7D692D2ABD5100F15B29 /* Extensions */,
				893D7D652D2A8AB800F15B29 /* Styles */,
				893D7CFF2D28220900F15B29 /* Constants */,
			);
			path = Common;
			sourceTree = "<group>";
		};
		893D7D132D28307200F15B29 /* Common */ = {
			isa = PBXGroup;
			children = (
				893D7D142D28308300F15B29 /* TokenInfo.swift */,
				893D7CB72D281C6400F15B29 /* AuthError.swift */,
				893D7D1C2D2831B400F15B29 /* GenderDTO.swift */,
			);
			path = Common;
			sourceTree = "<group>";
		};
		893D7D202D28325000F15B29 /* Auth */ = {
			isa = PBXGroup;
			children = (
				893D7D4A2D291A1500F15B29 /* Coordinator */,
				893D7D212D28333700F15B29 /* Welcome */,
				893D7D4D2D291AD400F15B29 /* Login */,
				893D7D4E2D291AE200F15B29 /* Registration */,
			);
			path = Auth;
			sourceTree = "<group>";
		};
		893D7D212D28333700F15B29 /* Welcome */ = {
			isa = PBXGroup;
			children = (
				893D7D232D28335B00F15B29 /* ViewModel */,
				893D7D222D28334900F15B29 /* ViewController */,
			);
			path = Welcome;
			sourceTree = "<group>";
		};
		893D7D222D28334900F15B29 /* ViewController */ = {
			isa = PBXGroup;
			children = (
				893D7D452D2911A500F15B29 /* WelcomeViewController.swift */,
			);
			path = ViewController;
			sourceTree = "<group>";
		};
		893D7D232D28335B00F15B29 /* ViewModel */ = {
			isa = PBXGroup;
			children = (
				893D7D552D291CD400F15B29 /* WelcomeViewModel.swift */,
			);
			path = ViewModel;
			sourceTree = "<group>";
		};
		893D7D472D2919A100F15B29 /* Protocols */ = {
			isa = PBXGroup;
			children = (
				893D7D482D2919B000F15B29 /* Coordinator.swift */,
				893D7D572D291D0200F15B29 /* ViewModel.swift */,
			);
			path = Protocols;
			sourceTree = "<group>";
		};
		893D7D4A2D291A1500F15B29 /* Coordinator */ = {
			isa = PBXGroup;
			children = (
				893D7D4B2D291A2800F15B29 /* AuthCoordinator.swift */,
				891430332D2D680400D1BA36 /* AuthCoordinatorViewController.swift */,
			);
			path = Coordinator;
			sourceTree = "<group>";
		};
		893D7D4D2D291AD400F15B29 /* Login */ = {
			isa = PBXGroup;
			children = (
				893D7D762D2B938F00F15B29 /* ViewController */,
				893D7D752D2B938300F15B29 /* ViewModel */,
			);
			path = Login;
			sourceTree = "<group>";
		};
		893D7D4E2D291AE200F15B29 /* Registration */ = {
			isa = PBXGroup;
			children = (
				893D7D502D291B6700F15B29 /* ViewModel */,
				893D7D5B2D291ED800F15B29 /* RegistrationViewController.swift */,
			);
			path = Registration;
			sourceTree = "<group>";
		};
		893D7D502D291B6700F15B29 /* ViewModel */ = {
			isa = PBXGroup;
			children = (
				893D7D512D291C0400F15B29 /* UserInfoViewModel.swift */,
			);
			path = ViewModel;
			sourceTree = "<group>";
		};
		893D7D5D2D29613300F15B29 /* Coordinator */ = {
			isa = PBXGroup;
			children = (
				893D7D5E2D29614000F15B29 /* AppCoordinator.swift */,
				891430312D2D562700D1BA36 /* AppCoordinatorViewController.swift */,
			);
			path = Coordinator;
			sourceTree = "<group>";
		};
		893D7D602D2A55C400F15B29 /* Main */ = {
			isa = PBXGroup;
			children = (
				893D7D612D2A55CE00F15B29 /* MainCoordinator.swift */,
				893D7D792D2B939900F15B29 /* Feed */,
				893D7D7E2D2B945500F15B29 /* Films */,
				893D7D822D2B945700F15B29 /* Favorites */,
				893D7D862D2B945800F15B29 /* Profile */,
			);
			path = Main;
			sourceTree = "<group>";
		};
		893D7D652D2A8AB800F15B29 /* Styles */ = {
			isa = PBXGroup;
			children = (
				891430222D2D4C7F00D1BA36 /* TextFieldStyles */,
				893D7D662D2A8AC900F15B29 /* ButtonStyle */,
			);
			path = Styles;
			sourceTree = "<group>";
		};
		893D7D662D2A8AC900F15B29 /* ButtonStyle */ = {
			isa = PBXGroup;
			children = (
				893D7D672D2A8B0700F15B29 /* CustomButton.swift */,
			);
			path = ButtonStyle;
			sourceTree = "<group>";
		};
		893D7D692D2ABD5100F15B29 /* Extensions */ = {
			isa = PBXGroup;
			children = (
				893D7D6A2D2ABD6900F15B29 /* LocalizedKey + String.swift */,
			);
			path = Extensions;
			sourceTree = "<group>";
		};
		893D7D722D2B8F0100F15B29 /* Font */ = {
			isa = PBXGroup;
			children = (
				893D7D6C2D2ADCC800F15B29 /* Manrope-Bold.ttf */,
				893D7D6D2D2ADCC800F15B29 /* Manrope-Light.ttf */,
				893D7D6E2D2ADCC800F15B29 /* Manrope-Regular.ttf */,
			);
			path = Font;
			sourceTree = "<group>";
		};
		893D7D732D2B933B00F15B29 /* Components */ = {
			isa = PBXGroup;
			children = (
				893D7D742D2B935600F15B29 /* Views */,
			);
			path = Components;
			sourceTree = "<group>";
		};
		893D7D742D2B935600F15B29 /* Views */ = {
			isa = PBXGroup;
			children = (
				891430352D2E72E500D1BA36 /* BaseViewController.swift */,
				893D7D632D2A569500F15B29 /* LoadingViewController.swift */,
			);
			path = Views;
			sourceTree = "<group>";
		};
		893D7D752D2B938300F15B29 /* ViewModel */ = {
			isa = PBXGroup;
			children = (
				893D7D892D2B952700F15B29 /* LoginViewModel.swift */,
			);
			path = ViewModel;
			sourceTree = "<group>";
		};
		893D7D762D2B938F00F15B29 /* ViewController */ = {
			isa = PBXGroup;
			children = (
				893D7D872D2B94FC00F15B29 /* LoginViewController.swift */,
			);
			path = ViewController;
			sourceTree = "<group>";
		};
		893D7D772D2B939900F15B29 /* ViewController */ = {
			isa = PBXGroup;
			children = (
			);
			path = ViewController;
			sourceTree = "<group>";
		};
		893D7D782D2B939900F15B29 /* ViewModel */ = {
			isa = PBXGroup;
			children = (
			);
			path = ViewModel;
			sourceTree = "<group>";
		};
		893D7D792D2B939900F15B29 /* Feed */ = {
			isa = PBXGroup;
			children = (
				893D7D7A2D2B93E100F15B29 /* Coordinator */,
				893D7D772D2B939900F15B29 /* ViewController */,
				893D7D782D2B939900F15B29 /* ViewModel */,
			);
			path = Feed;
			sourceTree = "<group>";
		};
		893D7D7A2D2B93E100F15B29 /* Coordinator */ = {
			isa = PBXGroup;
			children = (
			);
			path = Coordinator;
			sourceTree = "<group>";
		};
		893D7D7B2D2B945500F15B29 /* Coordinator */ = {
			isa = PBXGroup;
			children = (
			);
			path = Coordinator;
			sourceTree = "<group>";
		};
		893D7D7C2D2B945500F15B29 /* ViewController */ = {
			isa = PBXGroup;
			children = (
			);
			path = ViewController;
			sourceTree = "<group>";
		};
		893D7D7D2D2B945500F15B29 /* ViewModel */ = {
			isa = PBXGroup;
			children = (
			);
			path = ViewModel;
			sourceTree = "<group>";
		};
		893D7D7E2D2B945500F15B29 /* Films */ = {
			isa = PBXGroup;
			children = (
				893D7D7B2D2B945500F15B29 /* Coordinator */,
				893D7D7C2D2B945500F15B29 /* ViewController */,
				893D7D7D2D2B945500F15B29 /* ViewModel */,
			);
			path = Films;
			sourceTree = "<group>";
		};
		893D7D7F2D2B945700F15B29 /* Coordinator */ = {
			isa = PBXGroup;
			children = (
			);
			path = Coordinator;
			sourceTree = "<group>";
		};
		893D7D802D2B945700F15B29 /* ViewController */ = {
			isa = PBXGroup;
			children = (
			);
			path = ViewController;
			sourceTree = "<group>";
		};
		893D7D812D2B945700F15B29 /* ViewModel */ = {
			isa = PBXGroup;
			children = (
			);
			path = ViewModel;
			sourceTree = "<group>";
		};
		893D7D822D2B945700F15B29 /* Favorites */ = {
			isa = PBXGroup;
			children = (
				893D7D7F2D2B945700F15B29 /* Coordinator */,
				893D7D802D2B945700F15B29 /* ViewController */,
				893D7D812D2B945700F15B29 /* ViewModel */,
			);
			path = Favorites;
			sourceTree = "<group>";
		};
		893D7D832D2B945800F15B29 /* Coordinator */ = {
			isa = PBXGroup;
			children = (
			);
			path = Coordinator;
			sourceTree = "<group>";
		};
		893D7D842D2B945800F15B29 /* ViewController */ = {
			isa = PBXGroup;
			children = (
			);
			path = ViewController;
			sourceTree = "<group>";
		};
		893D7D852D2B945800F15B29 /* ViewModel */ = {
			isa = PBXGroup;
			children = (
			);
			path = ViewModel;
			sourceTree = "<group>";
		};
		893D7D862D2B945800F15B29 /* Profile */ = {
			isa = PBXGroup;
			children = (
				893D7D832D2B945800F15B29 /* Coordinator */,
				893D7D842D2B945800F15B29 /* ViewController */,
				893D7D852D2B945800F15B29 /* ViewModel */,
			);
			path = Profile;
			sourceTree = "<group>";
		};
		898F0EB32D0ABB1100FAE99D = {
			isa = PBXGroup;
			children = (
				893D7CF12D28200400F15B29 /* MovieCatalog */,
				898F0EBD2D0ABB1100FAE99D /* Products */,
			);
			sourceTree = "<group>";
		};
		898F0EBD2D0ABB1100FAE99D /* Products */ = {
			isa = PBXGroup;
			children = (
				898F0EBC2D0ABB1100FAE99D /* MovieCatalog.app */,
			);
			name = Products;
			sourceTree = "<group>";
		};
/* End PBXGroup section */

/* Begin PBXNativeTarget section */
		898F0EBB2D0ABB1100FAE99D /* MovieCatalog */ = {
			isa = PBXNativeTarget;
			buildConfigurationList = 898F0ECF2D0ABB1300FAE99D /* Build configuration list for PBXNativeTarget "MovieCatalog" */;
			buildPhases = (
				898F0EB82D0ABB1100FAE99D /* Sources */,
				898F0EB92D0ABB1100FAE99D /* Frameworks */,
				898F0EBA2D0ABB1100FAE99D /* Resources */,
			);
			buildRules = (
			);
			dependencies = (
			);
			name = MovieCatalog;
			packageProductDependencies = (
			);
			productName = MovieCatalog;
			productReference = 898F0EBC2D0ABB1100FAE99D /* MovieCatalog.app */;
			productType = "com.apple.product-type.application";
		};
/* End PBXNativeTarget section */

/* Begin PBXProject section */
		898F0EB42D0ABB1100FAE99D /* Project object */ = {
			isa = PBXProject;
			attributes = {
				BuildIndependentTargetsInParallel = 1;
				LastSwiftUpdateCheck = 1610;
				LastUpgradeCheck = 1620;
				TargetAttributes = {
					898F0EBB2D0ABB1100FAE99D = {
						CreatedOnToolsVersion = 16.1;
					};
				};
			};
			buildConfigurationList = 898F0EB72D0ABB1100FAE99D /* Build configuration list for PBXProject "MovieCatalog" */;
			developmentRegion = en;
			hasScannedForEncodings = 0;
			knownRegions = (
				en,
				Base,
				ru,
			);
			mainGroup = 898F0EB32D0ABB1100FAE99D;
			minimizedProjectReferenceProxies = 1;
			preferredProjectObjectVersion = 77;
			productRefGroup = 898F0EBD2D0ABB1100FAE99D /* Products */;
			projectDirPath = "";
			projectRoot = "";
			targets = (
				898F0EBB2D0ABB1100FAE99D /* MovieCatalog */,
			);
		};
/* End PBXProject section */

/* Begin PBXResourcesBuildPhase section */
		898F0EBA2D0ABB1100FAE99D /* Resources */ = {
			isa = PBXResourcesBuildPhase;
			buildActionMask = 2147483647;
			files = (
				893D7D6F2D2ADCC800F15B29 /* Manrope-Light.ttf in Resources */,
				893D7D702D2ADCC800F15B29 /* Manrope-Bold.ttf in Resources */,
				893D7D712D2ADCC800F15B29 /* Manrope-Regular.ttf in Resources */,
				893D7CDD2D281C6400F15B29 /* LaunchScreen.storyboard in Resources */,
				893D7CDE2D281C6400F15B29 /* Assets.xcassets in Resources */,
				893D7CDF2D281C6400F15B29 /* Localizable.xcstrings in Resources */,
			);
			runOnlyForDeploymentPostprocessing = 0;
		};
/* End PBXResourcesBuildPhase section */

/* Begin PBXSourcesBuildPhase section */
		898F0EB82D0ABB1100FAE99D /* Sources */ = {
			isa = PBXSourcesBuildPhase;
			buildActionMask = 2147483647;
			files = (
				893D7CE02D281C6400F15B29 /* AppDelegate.swift in Sources */,
				893D7CE12D281C6400F15B29 /* SceneDelegate.swift in Sources */,
				893D7CE22D281C6400F15B29 /* AuthError.swift in Sources */,
				893D7CE32D281C6400F15B29 /* HTTPMethod.swift in Sources */,
				893D7CE42D281C6400F15B29 /* HTTPStatusCode.swift in Sources */,
				891430362D2E72E500D1BA36 /* BaseViewController.swift in Sources */,
				893D7CE52D281C6400F15B29 /* HTTPTask.swift in Sources */,
				893D7D492D2919B000F15B29 /* Coordinator.swift in Sources */,
				8914302E2D2D533100D1BA36 /* SceneViewFactoryProtocols.swift in Sources */,
				891430242D2D4CAF00D1BA36 /* CustomTextField.swift in Sources */,
				893D7D122D28284A00F15B29 /* KinopoiskApiConfig.swift in Sources */,
				893D7D1B2D2831A000F15B29 /* UserRegisterDTO.swift in Sources */,
				891430392D2EBC5200D1BA36 /* ValidationErrorHandler.swift in Sources */,
				891430302D2D541600D1BA36 /* AuthRepositoryImplementation.swift in Sources */,
				893D7CE62D281C6400F15B29 /* NetworkError.swift in Sources */,
				893D7D582D291D0200F15B29 /* ViewModel.swift in Sources */,
				893D7D4C2D291A2800F15B29 /* AuthCoordinator.swift in Sources */,
				893D7D5F2D29614000F15B29 /* AppCoordinator.swift in Sources */,
				893D7D8A2D2B952700F15B29 /* LoginViewModel.swift in Sources */,
				893D7D542D291C3200F15B29 /* Gender.swift in Sources */,
				893D7D1D2D2831B400F15B29 /* GenderDTO.swift in Sources */,
				893D7CE72D281C6400F15B29 /* NetworkConfig.swift in Sources */,
				891430402D2EC53B00D1BA36 /* ValidateEmailUseCase.swift in Sources */,
				893D7CE82D281C6400F15B29 /* URLParameterEncoder.swift in Sources */,
				8914302A2D2D522F00D1BA36 /* SceneFactory.swift in Sources */,
				893D7D562D291CD400F15B29 /* WelcomeViewModel.swift in Sources */,
				893D7D642D2A569500F15B29 /* LoadingViewController.swift in Sources */,
				893D7CE92D281C6400F15B29 /* KeychainService.swift in Sources */,
				893D7D622D2A55CE00F15B29 /* MainCoordinator.swift in Sources */,
				893D7D462D2911A500F15B29 /* WelcomeViewController.swift in Sources */,
				893D7CEA2D281C6400F15B29 /* NetworkService.swift in Sources */,
				891430322D2D562700D1BA36 /* AppCoordinatorViewController.swift in Sources */,
				893D7D6B2D2ABD6900F15B29 /* LocalizedKey + String.swift in Sources */,
				891430262D2D51DC00D1BA36 /* AppFactory.swift in Sources */,
				893D7D522D291C0400F15B29 /* UserInfoViewModel.swift in Sources */,
				893D7D682D2A8B0700F15B29 /* CustomButton.swift in Sources */,
				893D7CEB2D281C6400F15B29 /* LoginCredentials.swift in Sources */,
				893D7D152D28308300F15B29 /* TokenInfo.swift in Sources */,
				893D7CEC2D281C6400F15B29 /* AuthRepository.swift in Sources */,
				8914302C2D2D524700D1BA36 /* SceneFactoryProtocols.swift in Sources */,
				893D7CED2D281C6400F15B29 /* LoginUseCase.swift in Sources */,
				891430342D2D680400D1BA36 /* AuthCoordinatorViewController.swift in Sources */,
				8914303C2D2EC51800D1BA36 /* ValidatePasswordUseCase.swift in Sources */,
				893D7D882D2B94FC00F15B29 /* LoginViewController.swift in Sources */,
				8914303E2D2EC52300D1BA36 /* ValidateUsernameUseCase.swift in Sources */,
				893D7CEE2D281C6400F15B29 /* LocalizedKey.swift in Sources */,
				893D7D102D28249B00F15B29 /* AuthNetworkConfig.swift in Sources */,
				893D7D5C2D291ED800F15B29 /* RegistrationViewController.swift in Sources */,
			);
			runOnlyForDeploymentPostprocessing = 0;
		};
/* End PBXSourcesBuildPhase section */

/* Begin PBXVariantGroup section */
		893D7CD42D281C6400F15B29 /* LaunchScreen.storyboard */ = {
			isa = PBXVariantGroup;
			children = (
				893D7CD32D281C6400F15B29 /* Base */,
			);
			name = LaunchScreen.storyboard;
			sourceTree = "<group>";
		};
/* End PBXVariantGroup section */

/* Begin XCBuildConfiguration section */
		898F0ED02D0ABB1300FAE99D /* Debug */ = {
			isa = XCBuildConfiguration;
			buildSettings = {
				ASSETCATALOG_COMPILER_APPICON_NAME = AppIcon;
				ASSETCATALOG_COMPILER_GLOBAL_ACCENT_COLOR_NAME = AccentColor;
				CODE_SIGN_STYLE = Automatic;
				CURRENT_PROJECT_VERSION = 1;
				DEVELOPMENT_TEAM = L4LS264DFA;
				GENERATE_INFOPLIST_FILE = YES;
				INFOPLIST_FILE = MovieCatalog/Application/Info.plist;
				INFOPLIST_KEY_UIApplicationSupportsIndirectInputEvents = YES;
				INFOPLIST_KEY_UILaunchStoryboardName = LaunchScreen;
				INFOPLIST_KEY_UISupportedInterfaceOrientations = UIInterfaceOrientationPortrait;
				INFOPLIST_KEY_UISupportedInterfaceOrientations_iPad = "UIInterfaceOrientationLandscapeLeft UIInterfaceOrientationLandscapeRight UIInterfaceOrientationPortrait UIInterfaceOrientationPortraitUpsideDown";
				LD_RUNPATH_SEARCH_PATHS = (
					"$(inherited)",
					"@executable_path/Frameworks",
				);
				MARKETING_VERSION = 1.0;
				PRODUCT_BUNDLE_IDENTIFIER = TSU.MovieCatalog;
				PRODUCT_NAME = "$(TARGET_NAME)";
				SUPPORTED_PLATFORMS = "iphoneos iphonesimulator";
				SUPPORTS_MACCATALYST = NO;
				SUPPORTS_MAC_DESIGNED_FOR_IPHONE_IPAD = NO;
				SUPPORTS_XR_DESIGNED_FOR_IPHONE_IPAD = NO;
				SWIFT_EMIT_LOC_STRINGS = YES;
				SWIFT_VERSION = 5.0;
				TARGETED_DEVICE_FAMILY = 1;
			};
			name = Debug;
		};
		898F0ED12D0ABB1300FAE99D /* Release */ = {
			isa = XCBuildConfiguration;
			buildSettings = {
				ASSETCATALOG_COMPILER_APPICON_NAME = AppIcon;
				ASSETCATALOG_COMPILER_GLOBAL_ACCENT_COLOR_NAME = AccentColor;
				CODE_SIGN_STYLE = Automatic;
				CURRENT_PROJECT_VERSION = 1;
				DEVELOPMENT_TEAM = L4LS264DFA;
				GENERATE_INFOPLIST_FILE = YES;
				INFOPLIST_FILE = MovieCatalog/Application/Info.plist;
				INFOPLIST_KEY_UIApplicationSupportsIndirectInputEvents = YES;
				INFOPLIST_KEY_UILaunchStoryboardName = LaunchScreen;
				INFOPLIST_KEY_UISupportedInterfaceOrientations = UIInterfaceOrientationPortrait;
				INFOPLIST_KEY_UISupportedInterfaceOrientations_iPad = "UIInterfaceOrientationLandscapeLeft UIInterfaceOrientationLandscapeRight UIInterfaceOrientationPortrait UIInterfaceOrientationPortraitUpsideDown";
				LD_RUNPATH_SEARCH_PATHS = (
					"$(inherited)",
					"@executable_path/Frameworks",
				);
				MARKETING_VERSION = 1.0;
				PRODUCT_BUNDLE_IDENTIFIER = TSU.MovieCatalog;
				PRODUCT_NAME = "$(TARGET_NAME)";
				SUPPORTED_PLATFORMS = "iphoneos iphonesimulator";
				SUPPORTS_MACCATALYST = NO;
				SUPPORTS_MAC_DESIGNED_FOR_IPHONE_IPAD = NO;
				SUPPORTS_XR_DESIGNED_FOR_IPHONE_IPAD = NO;
				SWIFT_EMIT_LOC_STRINGS = YES;
				SWIFT_VERSION = 5.0;
				TARGETED_DEVICE_FAMILY = 1;
			};
			name = Release;
		};
		898F0ED22D0ABB1300FAE99D /* Debug */ = {
			isa = XCBuildConfiguration;
			buildSettings = {
				ALWAYS_SEARCH_USER_PATHS = NO;
				ASSETCATALOG_COMPILER_GENERATE_SWIFT_ASSET_SYMBOL_EXTENSIONS = YES;
				CLANG_ANALYZER_LOCALIZABILITY_NONLOCALIZED = YES;
				CLANG_ANALYZER_NONNULL = YES;
				CLANG_ANALYZER_NUMBER_OBJECT_CONVERSION = YES_AGGRESSIVE;
				CLANG_CXX_LANGUAGE_STANDARD = "gnu++20";
				CLANG_ENABLE_MODULES = YES;
				CLANG_ENABLE_OBJC_ARC = YES;
				CLANG_ENABLE_OBJC_WEAK = YES;
				CLANG_WARN_BLOCK_CAPTURE_AUTORELEASING = YES;
				CLANG_WARN_BOOL_CONVERSION = YES;
				CLANG_WARN_COMMA = YES;
				CLANG_WARN_CONSTANT_CONVERSION = YES;
				CLANG_WARN_DEPRECATED_OBJC_IMPLEMENTATIONS = YES;
				CLANG_WARN_DIRECT_OBJC_ISA_USAGE = YES_ERROR;
				CLANG_WARN_DOCUMENTATION_COMMENTS = YES;
				CLANG_WARN_EMPTY_BODY = YES;
				CLANG_WARN_ENUM_CONVERSION = YES;
				CLANG_WARN_INFINITE_RECURSION = YES;
				CLANG_WARN_INT_CONVERSION = YES;
				CLANG_WARN_NON_LITERAL_NULL_CONVERSION = YES;
				CLANG_WARN_OBJC_IMPLICIT_RETAIN_SELF = YES;
				CLANG_WARN_OBJC_LITERAL_CONVERSION = YES;
				CLANG_WARN_OBJC_ROOT_CLASS = YES_ERROR;
				CLANG_WARN_QUOTED_INCLUDE_IN_FRAMEWORK_HEADER = YES;
				CLANG_WARN_RANGE_LOOP_ANALYSIS = YES;
				CLANG_WARN_STRICT_PROTOTYPES = YES;
				CLANG_WARN_SUSPICIOUS_MOVE = YES;
				CLANG_WARN_UNGUARDED_AVAILABILITY = YES_AGGRESSIVE;
				CLANG_WARN_UNREACHABLE_CODE = YES;
				CLANG_WARN__DUPLICATE_METHOD_MATCH = YES;
				COPY_PHASE_STRIP = NO;
				DEBUG_INFORMATION_FORMAT = dwarf;
				ENABLE_STRICT_OBJC_MSGSEND = YES;
				ENABLE_TESTABILITY = YES;
				ENABLE_USER_SCRIPT_SANDBOXING = YES;
				GCC_C_LANGUAGE_STANDARD = gnu17;
				GCC_DYNAMIC_NO_PIC = NO;
				GCC_NO_COMMON_BLOCKS = YES;
				GCC_OPTIMIZATION_LEVEL = 0;
				GCC_PREPROCESSOR_DEFINITIONS = (
					"DEBUG=1",
					"$(inherited)",
				);
				GCC_WARN_64_TO_32_BIT_CONVERSION = YES;
				GCC_WARN_ABOUT_RETURN_TYPE = YES_ERROR;
				GCC_WARN_UNDECLARED_SELECTOR = YES;
				GCC_WARN_UNINITIALIZED_AUTOS = YES_AGGRESSIVE;
				GCC_WARN_UNUSED_FUNCTION = YES;
				GCC_WARN_UNUSED_VARIABLE = YES;
				IPHONEOS_DEPLOYMENT_TARGET = 18.1;
				LOCALIZATION_PREFERS_STRING_CATALOGS = YES;
				MTL_ENABLE_DEBUG_INFO = INCLUDE_SOURCE;
				MTL_FAST_MATH = YES;
				ONLY_ACTIVE_ARCH = YES;
				SDKROOT = iphoneos;
				SWIFT_ACTIVE_COMPILATION_CONDITIONS = "DEBUG $(inherited)";
				SWIFT_EMIT_LOC_STRINGS = YES;
				SWIFT_OPTIMIZATION_LEVEL = "-Onone";
			};
			name = Debug;
		};
		898F0ED32D0ABB1300FAE99D /* Release */ = {
			isa = XCBuildConfiguration;
			buildSettings = {
				ALWAYS_SEARCH_USER_PATHS = NO;
				ASSETCATALOG_COMPILER_GENERATE_SWIFT_ASSET_SYMBOL_EXTENSIONS = YES;
				CLANG_ANALYZER_LOCALIZABILITY_NONLOCALIZED = YES;
				CLANG_ANALYZER_NONNULL = YES;
				CLANG_ANALYZER_NUMBER_OBJECT_CONVERSION = YES_AGGRESSIVE;
				CLANG_CXX_LANGUAGE_STANDARD = "gnu++20";
				CLANG_ENABLE_MODULES = YES;
				CLANG_ENABLE_OBJC_ARC = YES;
				CLANG_ENABLE_OBJC_WEAK = YES;
				CLANG_WARN_BLOCK_CAPTURE_AUTORELEASING = YES;
				CLANG_WARN_BOOL_CONVERSION = YES;
				CLANG_WARN_COMMA = YES;
				CLANG_WARN_CONSTANT_CONVERSION = YES;
				CLANG_WARN_DEPRECATED_OBJC_IMPLEMENTATIONS = YES;
				CLANG_WARN_DIRECT_OBJC_ISA_USAGE = YES_ERROR;
				CLANG_WARN_DOCUMENTATION_COMMENTS = YES;
				CLANG_WARN_EMPTY_BODY = YES;
				CLANG_WARN_ENUM_CONVERSION = YES;
				CLANG_WARN_INFINITE_RECURSION = YES;
				CLANG_WARN_INT_CONVERSION = YES;
				CLANG_WARN_NON_LITERAL_NULL_CONVERSION = YES;
				CLANG_WARN_OBJC_IMPLICIT_RETAIN_SELF = YES;
				CLANG_WARN_OBJC_LITERAL_CONVERSION = YES;
				CLANG_WARN_OBJC_ROOT_CLASS = YES_ERROR;
				CLANG_WARN_QUOTED_INCLUDE_IN_FRAMEWORK_HEADER = YES;
				CLANG_WARN_RANGE_LOOP_ANALYSIS = YES;
				CLANG_WARN_STRICT_PROTOTYPES = YES;
				CLANG_WARN_SUSPICIOUS_MOVE = YES;
				CLANG_WARN_UNGUARDED_AVAILABILITY = YES_AGGRESSIVE;
				CLANG_WARN_UNREACHABLE_CODE = YES;
				CLANG_WARN__DUPLICATE_METHOD_MATCH = YES;
				COPY_PHASE_STRIP = NO;
				DEBUG_INFORMATION_FORMAT = "dwarf-with-dsym";
				ENABLE_NS_ASSERTIONS = NO;
				ENABLE_STRICT_OBJC_MSGSEND = YES;
				ENABLE_USER_SCRIPT_SANDBOXING = YES;
				GCC_C_LANGUAGE_STANDARD = gnu17;
				GCC_NO_COMMON_BLOCKS = YES;
				GCC_WARN_64_TO_32_BIT_CONVERSION = YES;
				GCC_WARN_ABOUT_RETURN_TYPE = YES_ERROR;
				GCC_WARN_UNDECLARED_SELECTOR = YES;
				GCC_WARN_UNINITIALIZED_AUTOS = YES_AGGRESSIVE;
				GCC_WARN_UNUSED_FUNCTION = YES;
				GCC_WARN_UNUSED_VARIABLE = YES;
				IPHONEOS_DEPLOYMENT_TARGET = 18.1;
				LOCALIZATION_PREFERS_STRING_CATALOGS = YES;
				MTL_ENABLE_DEBUG_INFO = NO;
				MTL_FAST_MATH = YES;
				SDKROOT = iphoneos;
				SWIFT_COMPILATION_MODE = wholemodule;
				SWIFT_EMIT_LOC_STRINGS = YES;
				VALIDATE_PRODUCT = YES;
			};
			name = Release;
		};
/* End XCBuildConfiguration section */

/* Begin XCConfigurationList section */
		898F0EB72D0ABB1100FAE99D /* Build configuration list for PBXProject "MovieCatalog" */ = {
			isa = XCConfigurationList;
			buildConfigurations = (
				898F0ED22D0ABB1300FAE99D /* Debug */,
				898F0ED32D0ABB1300FAE99D /* Release */,
			);
			defaultConfigurationIsVisible = 0;
			defaultConfigurationName = Release;
		};
		898F0ECF2D0ABB1300FAE99D /* Build configuration list for PBXNativeTarget "MovieCatalog" */ = {
			isa = XCConfigurationList;
			buildConfigurations = (
				898F0ED02D0ABB1300FAE99D /* Debug */,
				898F0ED12D0ABB1300FAE99D /* Release */,
			);
			defaultConfigurationIsVisible = 0;
			defaultConfigurationName = Release;
		};
/* End XCConfigurationList section */
	};
	rootObject = 898F0EB42D0ABB1100FAE99D /* Project object */;
}
